
Microsoft Visual Studio Solution File, Format Version 12.00
# Visual Studio 2012
Project("{FAE04EC0-301F-11D3-BF4B-00C04F79EFBC}") = "Blob", "Blob\Blob.csproj", "{F60CCAAB-DA15-4515-AA12-8B1132569D45}"
EndProject
Global
	GlobalSection(SolutionConfigurationPlatforms) = preSolution
		Debug|Any CPU = Debug|Any CPU
		Release|Any CPU = Release|Any CPU
	EndGlobalSection
	GlobalSection(ProjectConfigurationPlatforms) = postSolution
		{F60CCAAB-DA15-4515-AA12-8B1132569D45}.Debug|Any CPU.ActiveCfg = Debug|Any CPU
		{F60CCAAB-DA15-4515-AA12-8B1132569D45}.Debug|Any CPU.Build.0 = Debug|Any CPU
		{F60CCAAB-DA15-4515-AA12-8B1132569D45}.Release|Any CPU.ActiveCfg = Release|Any CPU
		{F60CCAAB-DA15-4515-AA12-8B1132569D45}.Release|Any CPU.Build.0 = Release|Any CPU
	EndGlobalSection
	GlobalSection(SolutionProperties) = preSolution
		HideSolutionNode = FALSE
	EndGlobalSection
EndGlobal
